
Microsoft Visual Studio Solution File, Format Version 12.00
# Visual Studio 15
Project("{FAE04EC0-301F-11D3-BF4B-00C04F79EFBC}") = "AzureBlobStorage", "AzureBlobStorage\AzureBlobStorage.csproj", "{1AD8E034-6BAF-4ABE-A114-80079C66689F}"
EndProject
Global
	GlobalSection(SolutionConfigurationPlatforms) = preSolution
		Debug|anycpu = Debug|anycpu
		Release|anycpu = Release|anycpu
	EndGlobalSection
	GlobalSection(ProjectConfigurationPlatforms) = postSolution
		{1AD8E034-6BAF-4ABE-A114-80079C66689F}.Debug|anycpu.ActiveCfg = Debug|anycpu
		{1AD8E034-6BAF-4ABE-A114-80079C66689F}.Debug|anycpu.Build.0 = Debug|anycpu
		{1AD8E034-6BAF-4ABE-A114-80079C66689F}.Release|anycpu.ActiveCfg = Release|anycpu
		{1AD8E034-6BAF-4ABE-A114-80079C66689F}.Release|anycpu.Build.0 = Release|anycpu
	EndGlobalSection
EndGlobal
